<Solution>
  <Project Path="Projects/BITKit.Multiplayer.csproj" />
  <Project Path="Projects/BITKit.Multiplayer.RemoteCompiler.csproj" />
  <Project Path="../Net.BITKit.Multiplayer.LiteNetLib/Net.BITKit.Multiplayer.LiteNetLib.csproj" />
  <Project Path="Projects/BITKit.Multiplayer.Transport.csproj" />
  <Folder Name="/CodeGen/" />
  <Folder Name="/Projects/" />
  <Folder Name="/Samples/" />
  <Folder Name="/Tests/" />
  <Project Path="CodeGen/BITKit.Multiplayer.CodeGen.csproj" />
  <Project Path="Tests/BITKit.Multiplayer.Tests.csproj" />
  <Project Path="Tests/TransportTests/BITKit.Multiplayer.TransportTests.csproj" />
  <Project Path="Tests/Contracts/Contracts.csproj" />
  <Project Path="Tests/Fixtures/Fixtures.csproj" />
  <Project Path="Tests/NetRpcFixtures/NetRpcFixtures.csproj" />
  <Project Path="Tests/MixedBackendFixtures/MixedBackendFixtures.csproj" />
  <Project Path="Tests/NetRpcInvalidFixtures/NetRpcInvalidFixtures.csproj" />
  <Project Path="Tests/LiteNetLibTests/LiteNetLibTests.csproj" />
  <Project Path="Tests/InvalidFixtures/InvalidFixtures.csproj" />
  <Project Path="Samples/NetRpc/Contracts/NetRpc.Sample.Contracts.csproj" />
  <Project Path="Samples/NetRpc/NetRpc.Sample.csproj" />
  <Project Path="Samples/NetRpcGodot/Contracts/NetRpcGodot.Contracts.csproj" />
  <Project Path="Samples/NetRpcGodot/Game/NetRpcGodot.Game.csproj" />
  <Project Path="Samples/NetRpcGodot/Session/NetRpcGodot.Session.csproj" />
  <Project Path="Samples/NetRpcGodot/Host/NetRpcGodot.Host.csproj" />
  <Project Path="Samples/NetRpcGodot/Relay/NetRpcGodot.Relay.csproj" />
  <Project Path="Samples/NetRpcGodot/E2E/NetRpcGodot.E2E.csproj" />
  <Project Path="Tools/Performance/Arena.Performance.csproj" />
  <Project Path="Tools/NetRpcPerformance/NetRpcPerformance.csproj" />
  <Project Path="Tools/NetRpcPerformance/Contracts/NetRpcPerformance.Contracts.csproj" />
  <Project Path="Tools/NetRpcPerformance.Tests/NetRpcPerformance.Tests.csproj" />
</Solution>
