Microsoft Visual Studio Solution File, Format Version 12.00
# Visual Studio Version 17
VisualStudioVersion = 17.0.31903.59
MinimumVisualStudioVersion = 10.0.40219.1
Project("{9A19103F-16F7-4668-BE54-9A1E7A4F7556}") = "NetRpcGodot.Contracts", "Contracts\NetRpcGodot.Contracts.csproj", "{5C4F64AF-8701-4E8F-97A0-1CFFEC372A01}"
EndProject
Project("{9A19103F-16F7-4668-BE54-9A1E7A4F7556}") = "NetRpcGodot.Game", "Game\NetRpcGodot.Game.csproj", "{5C4F64AF-8701-4E8F-97A0-1CFFEC372A02}"
EndProject
Project("{9A19103F-16F7-4668-BE54-9A1E7A4F7556}") = "NetRpcGodot.Session", "Session\NetRpcGodot.Session.csproj", "{5C4F64AF-8701-4E8F-97A0-1CFFEC372A03}"
EndProject
Project("{9A19103F-16F7-4668-BE54-9A1E7A4F7556}") = "NetRpcGodot.Host", "Host\NetRpcGodot.Host.csproj", "{5C4F64AF-8701-4E8F-97A0-1CFFEC372A04}"
EndProject
Project("{9A19103F-16F7-4668-BE54-9A1E7A4F7556}") = "NetRpcGodot.Relay", "Relay\NetRpcGodot.Relay.csproj", "{5C4F64AF-8701-4E8F-97A0-1CFFEC372A05}"
EndProject
Project("{9A19103F-16F7-4668-BE54-9A1E7A4F7556}") = "NetRpcGodot.Client", "Godot\NetRpcGodot.Client.csproj", "{5C4F64AF-8701-4E8F-97A0-1CFFEC372A06}"
EndProject
Project("{9A19103F-16F7-4668-BE54-9A1E7A4F7556}") = "NetRpcGodot.E2E", "E2E\NetRpcGodot.E2E.csproj", "{5C4F64AF-8701-4E8F-97A0-1CFFEC372A07}"
EndProject
Global
	GlobalSection(SolutionConfigurationPlatforms) = preSolution
		Debug|Any CPU = Debug|Any CPU
		Release|Any CPU = Release|Any CPU
	EndGlobalSection
	GlobalSection(ProjectConfigurationPlatforms) = postSolution
		{5C4F64AF-8701-4E8F-97A0-1CFFEC372A01}.Debug|Any CPU.ActiveCfg = Debug|Any CPU
		{5C4F64AF-8701-4E8F-97A0-1CFFEC372A01}.Debug|Any CPU.Build.0 = Debug|Any CPU
		{5C4F64AF-8701-4E8F-97A0-1CFFEC372A01}.Release|Any CPU.ActiveCfg = Release|Any CPU
		{5C4F64AF-8701-4E8F-97A0-1CFFEC372A01}.Release|Any CPU.Build.0 = Release|Any CPU
		{5C4F64AF-8701-4E8F-97A0-1CFFEC372A02}.Debug|Any CPU.ActiveCfg = Debug|Any CPU
		{5C4F64AF-8701-4E8F-97A0-1CFFEC372A02}.Debug|Any CPU.Build.0 = Debug|Any CPU
		{5C4F64AF-8701-4E8F-97A0-1CFFEC372A02}.Release|Any CPU.ActiveCfg = Release|Any CPU
		{5C4F64AF-8701-4E8F-97A0-1CFFEC372A02}.Release|Any CPU.Build.0 = Release|Any CPU
		{5C4F64AF-8701-4E8F-97A0-1CFFEC372A03}.Debug|Any CPU.ActiveCfg = Debug|Any CPU
		{5C4F64AF-8701-4E8F-97A0-1CFFEC372A03}.Debug|Any CPU.Build.0 = Debug|Any CPU
		{5C4F64AF-8701-4E8F-97A0-1CFFEC372A03}.Release|Any CPU.ActiveCfg = Release|Any CPU
		{5C4F64AF-8701-4E8F-97A0-1CFFEC372A03}.Release|Any CPU.Build.0 = Release|Any CPU
		{5C4F64AF-8701-4E8F-97A0-1CFFEC372A04}.Debug|Any CPU.ActiveCfg = Debug|Any CPU
		{5C4F64AF-8701-4E8F-97A0-1CFFEC372A04}.Debug|Any CPU.Build.0 = Debug|Any CPU
		{5C4F64AF-8701-4E8F-97A0-1CFFEC372A04}.Release|Any CPU.ActiveCfg = Release|Any CPU
		{5C4F64AF-8701-4E8F-97A0-1CFFEC372A04}.Release|Any CPU.Build.0 = Release|Any CPU
		{5C4F64AF-8701-4E8F-97A0-1CFFEC372A05}.Debug|Any CPU.ActiveCfg = Debug|Any CPU
		{5C4F64AF-8701-4E8F-97A0-1CFFEC372A05}.Debug|Any CPU.Build.0 = Debug|Any CPU
		{5C4F64AF-8701-4E8F-97A0-1CFFEC372A05}.Release|Any CPU.ActiveCfg = Release|Any CPU
		{5C4F64AF-8701-4E8F-97A0-1CFFEC372A05}.Release|Any CPU.Build.0 = Release|Any CPU
		{5C4F64AF-8701-4E8F-97A0-1CFFEC372A06}.Debug|Any CPU.ActiveCfg = Debug|Any CPU
		{5C4F64AF-8701-4E8F-97A0-1CFFEC372A06}.Debug|Any CPU.Build.0 = Debug|Any CPU
		{5C4F64AF-8701-4E8F-97A0-1CFFEC372A06}.Release|Any CPU.ActiveCfg = Release|Any CPU
		{5C4F64AF-8701-4E8F-97A0-1CFFEC372A06}.Release|Any CPU.Build.0 = Release|Any CPU
		{5C4F64AF-8701-4E8F-97A0-1CFFEC372A07}.Debug|Any CPU.ActiveCfg = Debug|Any CPU
		{5C4F64AF-8701-4E8F-97A0-1CFFEC372A07}.Debug|Any CPU.Build.0 = Debug|Any CPU
		{5C4F64AF-8701-4E8F-97A0-1CFFEC372A07}.Release|Any CPU.ActiveCfg = Release|Any CPU
		{5C4F64AF-8701-4E8F-97A0-1CFFEC372A07}.Release|Any CPU.Build.0 = Release|Any CPU
	EndGlobalSection
	GlobalSection(SolutionProperties) = preSolution
		HideSolutionNode = FALSE
	EndGlobalSection
EndGlobal
